
Microsoft Visual Studio Solution File, Format Version 12.00
# Visual Studio Version 17
VisualStudioVersion = 17.11.35303.130
MinimumVisualStudioVersion = 10.0.40219.1
Project("{FAE04EC0-301F-11D3-BF4B-00C04F79EFBC}") = "ConsoleApp2", "ConsoleApp2.csproj", "{E3465080-6507-4EFF-A1D5-21F12DE6AE48}"
EndProject
Global
	GlobalSection(SolutionConfigurationPlatforms) = preSolution
		Debug|Any CPU = Debug|Any CPU
		Release|Any CPU = Release|Any CPU
	EndGlobalSection
	GlobalSection(ProjectConfigurationPlatforms) = postSolution
		{E3465080-6507-4EFF-A1D5-21F12DE6AE48}.Debug|Any CPU.ActiveCfg = Debug|Any CPU
		{E3465080-6507-4EFF-A1D5-21F12DE6AE48}.Debug|Any CPU.Build.0 = Debug|Any CPU
		{E3465080-6507-4EFF-A1D5-21F12DE6AE48}.Release|Any CPU.ActiveCfg = Release|Any CPU
		{E3465080-6507-4EFF-A1D5-21F12DE6AE48}.Release|Any CPU.Build.0 = Release|Any CPU
	EndGlobalSection
	GlobalSection(SolutionProperties) = preSolution
		HideSolutionNode = FALSE
	EndGlobalSection
	GlobalSection(ExtensibilityGlobals) = postSolution
		SolutionGuid = {24C5F114-F65D-4B1B-8340-9B540B8A745A}
	EndGlobalSection
EndGlobal
